{
  "name": "voice-assistant",
  "version": "1.0.0",
  "lockfileVersion": 3,
  "requires": true,
  "packages": {
    "": {
      "name": "voice-assistant",
      "version": "1.0.0",
      "license": "ISC",
      "dependencies": {
        "@picovoice/porcupine-node": "^3.0.4",
        "dotenv": "^16.4.5",
        "node-microphone": "^0.1.6",
        "ws": "^8.18.0"
      }
    },
    "node_modules/@picovoice/porcupine-node": {
      "version": "3.0.4",
      "resolved": "https://registry.npmjs.org/@picovoice/porcupine-node/-/porcupine-node-3.0.4.tgz",
      "integrity": "sha512-cWFJSzQmEH45xVgfJ3z6S1pp0+0Tuki+7sBqamNa7K/s9j0ynW9WpJBeuMztRPrpwrDoAc7A2MZdK5UJ5wIebA==",
      "cpu": [
        "!ia32",
        "!mips",
        "!ppc",
        "!ppc64"
      ],
      "engines": {
        "node": ">=16.0.0"
      }
    },
    "node_modules/dotenv": {
      "version": "16.4.5",
      "resolved": "https://registry.npmjs.org/dotenv/-/dotenv-16.4.5.tgz",
      "integrity": "sha512-ZmdL2rui+eB2YwhsWzjInR8LldtZHGDoQ1ugH85ppHKwpUHL7j7rN0Ti9NCnGiQbhaZ11FpR+7ao1dNsmduNUg==",
      "engines": {
        "node": ">=12"
      },
      "funding": {
        "url": "https://dotenvx.com"
      }
    },
    "node_modules/node-microphone": {
      "version": "0.1.6",
      "resolved": "https://registry.npmjs.org/node-microphone/-/node-microphone-0.1.6.tgz",
      "integrity": "sha512-5229wtpVYNU2gR8zpkABVSdp4wT9qagJgj6pELEIkAVbOXFmaCM35qN3z4ylu3OwFfEKqQ4h9u8Lb58DzaBieQ==",
      "engines": {
        "node": ">=4.0"
      }
    },
    "node_modules/ws": {
      "version": "8.18.0",
      "resolved": "https://registry.npmjs.org/ws/-/ws-8.18.0.tgz",
      "integrity": "sha512-8VbfWfHLbbwu3+N6OKsOMpBdT4kXPDDB9cJk2bJ6mh9ucxdlnNvH1e+roYkKmN9Nxw2yjz7VzeO9oOz2zJ04Pw==",
      "engines": {
        "node": ">=10.0.0"
      },
      "peerDependencies": {
        "bufferutil": "^4.0.1",
        "utf-8-validate": ">=5.0.2"
      },
      "peerDependenciesMeta": {
        "bufferutil": {
          "optional": true
        },
        "utf-8-validate": {
          "optional": true
        }
      }
    }
  }
}
